
Microsoft Visual Studio Solution File, Format Version 12.00
# Visual Studio Version 17
VisualStudioVersion = 17.5.002.0
MinimumVisualStudioVersion = 10.0.40219.1
Project("{9A19103F-16F7-4668-BE54-9A1E7A4F7556}") = "002_Colections", "002_Colections.csproj", "{438F8E50-794B-4DFC-A56B-0DFD9C1ADBF8}"
EndProject
Global
	GlobalSection(SolutionConfigurationPlatforms) = preSolution
		Debug|Any CPU = Debug|Any CPU
		Release|Any CPU = Release|Any CPU
	EndGlobalSection
	GlobalSection(ProjectConfigurationPlatforms) = postSolution
		{438F8E50-794B-4DFC-A56B-0DFD9C1ADBF8}.Debug|Any CPU.ActiveCfg = Debug|Any CPU
		{438F8E50-794B-4DFC-A56B-0DFD9C1ADBF8}.Debug|Any CPU.Build.0 = Debug|Any CPU
		{438F8E50-794B-4DFC-A56B-0DFD9C1ADBF8}.Release|Any CPU.ActiveCfg = Release|Any CPU
		{438F8E50-794B-4DFC-A56B-0DFD9C1ADBF8}.Release|Any CPU.Build.0 = Release|Any CPU
	EndGlobalSection
	GlobalSection(SolutionProperties) = preSolution
		HideSolutionNode = FALSE
	EndGlobalSection
	GlobalSection(ExtensibilityGlobals) = postSolution
		SolutionGuid = {AF4D3C15-F81D-4088-BB19-C3A27DAADAB4}
	EndGlobalSection
EndGlobal
